
Microsoft Visual Studio Solution File, Format Version 12.00
# Visual Studio Version 17
VisualStudioVersion = 17.0.32014.148
MinimumVisualStudioVersion = 10.0.40219.1
Project("{FAE04EC0-301F-11D3-BF4B-00C04F79EFBC}") = "PrototypeDesignPattern", "PrototypeDesignPattern\PrototypeDesignPattern.csproj", "{4FDAEF7F-B27B-4885-A758-1C9BCA7B1829}"
EndProject
Global
	GlobalSection(SolutionConfigurationPlatforms) = preSolution
		Debug|Any CPU = Debug|Any CPU
		Release|Any CPU = Release|Any CPU
	EndGlobalSection
	GlobalSection(ProjectConfigurationPlatforms) = postSolution
		{4FDAEF7F-B27B-4885-A758-1C9BCA7B1829}.Debug|Any CPU.ActiveCfg = Debug|Any CPU
		{4FDAEF7F-B27B-4885-A758-1C9BCA7B1829}.Debug|Any CPU.Build.0 = Debug|Any CPU
		{4FDAEF7F-B27B-4885-A758-1C9BCA7B1829}.Release|Any CPU.ActiveCfg = Release|Any CPU
		{4FDAEF7F-B27B-4885-A758-1C9BCA7B1829}.Release|Any CPU.Build.0 = Release|Any CPU
	EndGlobalSection
	GlobalSection(SolutionProperties) = preSolution
		HideSolutionNode = FALSE
	EndGlobalSection
	GlobalSection(ExtensibilityGlobals) = postSolution
		SolutionGuid = {09EA0D58-2B0E-4D79-BF64-329C5AB35E18}
	EndGlobalSection
EndGlobal
